
Microsoft Visual Studio Solution File, Format Version 12.00
# Visual Studio Version 16
VisualStudioVersion = 16.0.30503.244
MinimumVisualStudioVersion = 10.0.40219.1
Project("{2150E333-8FDC-42A3-9474-1A3956D46DE8}") = "Web", "Web", "{D369DC26-A3A6-48D9-AE35-F54D3A14A2AD}"
EndProject
Project("{2150E333-8FDC-42A3-9474-1A3956D46DE8}") = "Data", "Data", "{0D35CA6B-BE24-4133-B115-DFF82D8EF605}"
EndProject
Project("{9A19103F-16F7-4668-BE54-9A1E7A4F7556}") = "Chess.Web", "Web\Chess.Web\Chess.Web.csproj", "{2B554E1A-A9CE-4DF0-A68C-7B4A818EBF65}"
EndProject
Project("{9A19103F-16F7-4668-BE54-9A1E7A4F7556}") = "Chess.Web.ViewModels", "Web\Chess.Web.ViewModels\Chess.Web.ViewModels.csproj", "{18FF6C92-CC49-4982-BDF5-13F56BFCF452}"
EndProject
Project("{9A19103F-16F7-4668-BE54-9A1E7A4F7556}") = "Chess.Data", "Data\Chess.Data\Chess.Data.csproj", "{419A5DF4-4823-46E5-A92F-EA6F750A6393}"
EndProject
Project("{9A19103F-16F7-4668-BE54-9A1E7A4F7556}") = "Chess.Data.Models", "Data\Chess.Data.Models\Chess.Data.Models.csproj", "{8637DBEB-4CFC-4B89-874E-131297591CA6}"
EndProject
Project("{9A19103F-16F7-4668-BE54-9A1E7A4F7556}") = "Chess.Data.Common", "Data\Chess.Data.Common\Chess.Data.Common.csproj", "{0859B0F1-5868-4AB8-87FB-E930B9742BA7}"
EndProject
Project("{2150E333-8FDC-42A3-9474-1A3956D46DE8}") = "Services", "Services", "{626FCD92-1048-41CE-BB37-AD5DA51B5887}"
EndProject
Project("{9A19103F-16F7-4668-BE54-9A1E7A4F7556}") = "Chess.Services", "Services\Chess.Services\Chess.Services.csproj", "{C4C5FBD1-83D9-49C6-B441-CEBE4F77D554}"
EndProject
Project("{9A19103F-16F7-4668-BE54-9A1E7A4F7556}") = "Chess.Common", "Chess.Common\Chess.Common.csproj", "{23AA95ED-6F0F-47E8-8E07-4E761920B8C1}"
EndProject
Project("{9A19103F-16F7-4668-BE54-9A1E7A4F7556}") = "Chess.Services.Mapping", "Services\Chess.Services.Mapping\Chess.Services.Mapping.csproj", "{33919F9B-4058-4A41-932D-D661CE271392}"
EndProject
Project("{9A19103F-16F7-4668-BE54-9A1E7A4F7556}") = "Chess.Services.Paging", "Services\Chess.Services.Paging\Chess.Services.Paging.csproj", "{469B434C-A5F6-4D78-83BE-87B8AC7FFDE2}"
EndProject
Project("{9A19103F-16F7-4668-BE54-9A1E7A4F7556}") = "Chess.Web.Infrastructure", "Web\Chess.Web.Infrastructure\Chess.Web.Infrastructure.csproj", "{C7C7BCD5-92E2-43C1-8877-1B0DDE2EDE75}"
EndProject
Project("{9A19103F-16F7-4668-BE54-9A1E7A4F7556}") = "Chess.Services.Messaging", "Services\Chess.Services.Messaging\Chess.Services.Messaging.csproj", "{20291684-2361-4377-878F-FB25D1E4FCF4}"
EndProject
Project("{2150E333-8FDC-42A3-9474-1A3956D46DE8}") = "Tests", "Tests", "{5235ABDF-93C2-4DB4-86B0-2FF29F82802A}"
EndProject
Project("{FAE04EC0-301F-11D3-BF4B-00C04F79EFBC}") = "Chess.Tests", "Tests\Chess.Tests\Chess.Tests.csproj", "{10C8C4AD-4A9D-4BD8-A16B-AFDB769662CC}"
EndProject
Global
	GlobalSection(SolutionConfigurationPlatforms) = preSolution
		Debug|Any CPU = Debug|Any CPU
		Release|Any CPU = Release|Any CPU
	EndGlobalSection
	GlobalSection(ProjectConfigurationPlatforms) = postSolution
		{2B554E1A-A9CE-4DF0-A68C-7B4A818EBF65}.Debug|Any CPU.ActiveCfg = Debug|Any CPU
		{2B554E1A-A9CE-4DF0-A68C-7B4A818EBF65}.Debug|Any CPU.Build.0 = Debug|Any CPU
		{2B554E1A-A9CE-4DF0-A68C-7B4A818EBF65}.Release|Any CPU.ActiveCfg = Release|Any CPU
		{2B554E1A-A9CE-4DF0-A68C-7B4A818EBF65}.Release|Any CPU.Build.0 = Release|Any CPU
		{18FF6C92-CC49-4982-BDF5-13F56BFCF452}.Debug|Any CPU.ActiveCfg = Debug|Any CPU
		{18FF6C92-CC49-4982-BDF5-13F56BFCF452}.Debug|Any CPU.Build.0 = Debug|Any CPU
		{18FF6C92-CC49-4982-BDF5-13F56BFCF452}.Release|Any CPU.ActiveCfg = Release|Any CPU
		{18FF6C92-CC49-4982-BDF5-13F56BFCF452}.Release|Any CPU.Build.0 = Release|Any CPU
		{419A5DF4-4823-46E5-A92F-EA6F750A6393}.Debug|Any CPU.ActiveCfg = Debug|Any CPU
		{419A5DF4-4823-46E5-A92F-EA6F750A6393}.Debug|Any CPU.Build.0 = Debug|Any CPU
		{419A5DF4-4823-46E5-A92F-EA6F750A6393}.Release|Any CPU.ActiveCfg = Release|Any CPU
		{419A5DF4-4823-46E5-A92F-EA6F750A6393}.Release|Any CPU.Build.0 = Release|Any CPU
		{8637DBEB-4CFC-4B89-874E-131297591CA6}.Debug|Any CPU.ActiveCfg = Debug|Any CPU
		{8637DBEB-4CFC-4B89-874E-131297591CA6}.Debug|Any CPU.Build.0 = Debug|Any CPU
		{8637DBEB-4CFC-4B89-874E-131297591CA6}.Release|Any CPU.ActiveCfg = Release|Any CPU
		{8637DBEB-4CFC-4B89-874E-131297591CA6}.Release|Any CPU.Build.0 = Release|Any CPU
		{0859B0F1-5868-4AB8-87FB-E930B9742BA7}.Debug|Any CPU.ActiveCfg = Debug|Any CPU
		{0859B0F1-5868-4AB8-87FB-E930B9742BA7}.Debug|Any CPU.Build.0 = Debug|Any CPU
		{0859B0F1-5868-4AB8-87FB-E930B9742BA7}.Release|Any CPU.ActiveCfg = Release|Any CPU
		{0859B0F1-5868-4AB8-87FB-E930B9742BA7}.Release|Any CPU.Build.0 = Release|Any CPU
		{C4C5FBD1-83D9-49C6-B441-CEBE4F77D554}.Debug|Any CPU.ActiveCfg = Debug|Any CPU
		{C4C5FBD1-83D9-49C6-B441-CEBE4F77D554}.Debug|Any CPU.Build.0 = Debug|Any CPU
		{C4C5FBD1-83D9-49C6-B441-CEBE4F77D554}.Release|Any CPU.ActiveCfg = Release|Any CPU
		{C4C5FBD1-83D9-49C6-B441-CEBE4F77D554}.Release|Any CPU.Build.0 = Release|Any CPU
		{23AA95ED-6F0F-47E8-8E07-4E761920B8C1}.Debug|Any CPU.ActiveCfg = Debug|Any CPU
		{23AA95ED-6F0F-47E8-8E07-4E761920B8C1}.Debug|Any CPU.Build.0 = Debug|Any CPU
		{23AA95ED-6F0F-47E8-8E07-4E761920B8C1}.Release|Any CPU.ActiveCfg = Release|Any CPU
		{23AA95ED-6F0F-47E8-8E07-4E761920B8C1}.Release|Any CPU.Build.0 = Release|Any CPU
		{33919F9B-4058-4A41-932D-D661CE271392}.Debug|Any CPU.ActiveCfg = Debug|Any CPU
		{33919F9B-4058-4A41-932D-D661CE271392}.Debug|Any CPU.Build.0 = Debug|Any CPU
		{33919F9B-4058-4A41-932D-D661CE271392}.Release|Any CPU.ActiveCfg = Release|Any CPU
		{33919F9B-4058-4A41-932D-D661CE271392}.Release|Any CPU.Build.0 = Release|Any CPU
		{469B434C-A5F6-4D78-83BE-87B8AC7FFDE2}.Debug|Any CPU.ActiveCfg = Debug|Any CPU
		{469B434C-A5F6-4D78-83BE-87B8AC7FFDE2}.Debug|Any CPU.Build.0 = Debug|Any CPU
		{469B434C-A5F6-4D78-83BE-87B8AC7FFDE2}.Release|Any CPU.ActiveCfg = Release|Any CPU
		{469B434C-A5F6-4D78-83BE-87B8AC7FFDE2}.Release|Any CPU.Build.0 = Release|Any CPU
		{C7C7BCD5-92E2-43C1-8877-1B0DDE2EDE75}.Debug|Any CPU.ActiveCfg = Debug|Any CPU
		{C7C7BCD5-92E2-43C1-8877-1B0DDE2EDE75}.Debug|Any CPU.Build.0 = Debug|Any CPU
		{C7C7BCD5-92E2-43C1-8877-1B0DDE2EDE75}.Release|Any CPU.ActiveCfg = Release|Any CPU
		{C7C7BCD5-92E2-43C1-8877-1B0DDE2EDE75}.Release|Any CPU.Build.0 = Release|Any CPU
		{20291684-2361-4377-878F-FB25D1E4FCF4}.Debug|Any CPU.ActiveCfg = Debug|Any CPU
		{20291684-2361-4377-878F-FB25D1E4FCF4}.Debug|Any CPU.Build.0 = Debug|Any CPU
		{20291684-2361-4377-878F-FB25D1E4FCF4}.Release|Any CPU.ActiveCfg = Release|Any CPU
		{20291684-2361-4377-878F-FB25D1E4FCF4}.Release|Any CPU.Build.0 = Release|Any CPU
		{10C8C4AD-4A9D-4BD8-A16B-AFDB769662CC}.Debug|Any CPU.ActiveCfg = Debug|Any CPU
		{10C8C4AD-4A9D-4BD8-A16B-AFDB769662CC}.Debug|Any CPU.Build.0 = Debug|Any CPU
		{10C8C4AD-4A9D-4BD8-A16B-AFDB769662CC}.Release|Any CPU.ActiveCfg = Release|Any CPU
		{10C8C4AD-4A9D-4BD8-A16B-AFDB769662CC}.Release|Any CPU.Build.0 = Release|Any CPU
	EndGlobalSection
	GlobalSection(SolutionProperties) = preSolution
		HideSolutionNode = FALSE
	EndGlobalSection
	GlobalSection(NestedProjects) = preSolution
		{2B554E1A-A9CE-4DF0-A68C-7B4A818EBF65} = {D369DC26-A3A6-48D9-AE35-F54D3A14A2AD}
		{18FF6C92-CC49-4982-BDF5-13F56BFCF452} = {D369DC26-A3A6-48D9-AE35-F54D3A14A2AD}
		{419A5DF4-4823-46E5-A92F-EA6F750A6393} = {0D35CA6B-BE24-4133-B115-DFF82D8EF605}
		{8637DBEB-4CFC-4B89-874E-131297591CA6} = {0D35CA6B-BE24-4133-B115-DFF82D8EF605}
		{0859B0F1-5868-4AB8-87FB-E930B9742BA7} = {0D35CA6B-BE24-4133-B115-DFF82D8EF605}
		{C4C5FBD1-83D9-49C6-B441-CEBE4F77D554} = {626FCD92-1048-41CE-BB37-AD5DA51B5887}
		{33919F9B-4058-4A41-932D-D661CE271392} = {626FCD92-1048-41CE-BB37-AD5DA51B5887}
		{469B434C-A5F6-4D78-83BE-87B8AC7FFDE2} = {626FCD92-1048-41CE-BB37-AD5DA51B5887}
		{C7C7BCD5-92E2-43C1-8877-1B0DDE2EDE75} = {D369DC26-A3A6-48D9-AE35-F54D3A14A2AD}
		{20291684-2361-4377-878F-FB25D1E4FCF4} = {626FCD92-1048-41CE-BB37-AD5DA51B5887}
		{10C8C4AD-4A9D-4BD8-A16B-AFDB769662CC} = {5235ABDF-93C2-4DB4-86B0-2FF29F82802A}
	EndGlobalSection
	GlobalSection(ExtensibilityGlobals) = postSolution
		SolutionGuid = {B6F23AC4-1F7C-4116-BF1A-92A6243106CD}
	EndGlobalSection
EndGlobal
