
Microsoft Visual Studio Solution File, Format Version 12.00
# Visual Studio Version 16
VisualStudioVersion = 16.0.30503.244
MinimumVisualStudioVersion = 10.0.40219.1
Project("{FAE04EC0-301F-11D3-BF4B-00C04F79EFBC}") = "Chess.Web", "Chess.Web\Chess.Web.csproj", "{BDAFC44E-CB53-4A74-A489-5A260CF087D8}"
EndProject
Project("{2150E333-8FDC-42A3-9474-1A3956D46DE8}") = "Web", "Web", "{D369DC26-A3A6-48D9-AE35-F54D3A14A2AD}"
EndProject
Global
	GlobalSection(SolutionConfigurationPlatforms) = preSolution
		Debug|Any CPU = Debug|Any CPU
		Release|Any CPU = Release|Any CPU
	EndGlobalSection
	GlobalSection(ProjectConfigurationPlatforms) = postSolution
		{BDAFC44E-CB53-4A74-A489-5A260CF087D8}.Debug|Any CPU.ActiveCfg = Debug|Any CPU
		{BDAFC44E-CB53-4A74-A489-5A260CF087D8}.Debug|Any CPU.Build.0 = Debug|Any CPU
		{BDAFC44E-CB53-4A74-A489-5A260CF087D8}.Release|Any CPU.ActiveCfg = Release|Any CPU
		{BDAFC44E-CB53-4A74-A489-5A260CF087D8}.Release|Any CPU.Build.0 = Release|Any CPU
	EndGlobalSection
	GlobalSection(SolutionProperties) = preSolution
		HideSolutionNode = FALSE
	EndGlobalSection
	GlobalSection(NestedProjects) = preSolution
		{BDAFC44E-CB53-4A74-A489-5A260CF087D8} = {D369DC26-A3A6-48D9-AE35-F54D3A14A2AD}
	EndGlobalSection
	GlobalSection(ExtensibilityGlobals) = postSolution
		SolutionGuid = {B6F23AC4-1F7C-4116-BF1A-92A6243106CD}
	EndGlobalSection
EndGlobal
