
Microsoft Visual Studio Solution File, Format Version 12.00
# Visual Studio Version 16
VisualStudioVersion = 16.0.30503.244
MinimumVisualStudioVersion = 10.0.40219.1
Project("{2150E333-8FDC-42A3-9474-1A3956D46DE8}") = "Web", "Web", "{D369DC26-A3A6-48D9-AE35-F54D3A14A2AD}"
EndProject
Project("{2150E333-8FDC-42A3-9474-1A3956D46DE8}") = "Data", "Data", "{0D35CA6B-BE24-4133-B115-DFF82D8EF605}"
EndProject
Project("{9A19103F-16F7-4668-BE54-9A1E7A4F7556}") = "Chess.Web", "Web\Chess.Web\Chess.Web.csproj", "{2B554E1A-A9CE-4DF0-A68C-7B4A818EBF65}"
EndProject
Project("{9A19103F-16F7-4668-BE54-9A1E7A4F7556}") = "Chess.Web.ViewModels", "Web\Chess.Web.ViewModels\Chess.Web.ViewModels.csproj", "{18FF6C92-CC49-4982-BDF5-13F56BFCF452}"
EndProject
Project("{9A19103F-16F7-4668-BE54-9A1E7A4F7556}") = "Chess.Data", "Data\Chess.Data\Chess.Data.csproj", "{419A5DF4-4823-46E5-A92F-EA6F750A6393}"
EndProject
Project("{9A19103F-16F7-4668-BE54-9A1E7A4F7556}") = "Chess.Data.Models", "Data\Chess.Data.Models\Chess.Data.Models.csproj", "{8637DBEB-4CFC-4B89-874E-131297591CA6}"
EndProject
Project("{FAE04EC0-301F-11D3-BF4B-00C04F79EFBC}") = "Chess.Common", "Chess.Common\Chess.Common.csproj", "{7A1481E3-8DEA-49E8-8708-F8EA49A69774}"
EndProject
Global
	GlobalSection(SolutionConfigurationPlatforms) = preSolution
		Debug|Any CPU = Debug|Any CPU
		Release|Any CPU = Release|Any CPU
	EndGlobalSection
	GlobalSection(ProjectConfigurationPlatforms) = postSolution
		{2B554E1A-A9CE-4DF0-A68C-7B4A818EBF65}.Debug|Any CPU.ActiveCfg = Debug|Any CPU
		{2B554E1A-A9CE-4DF0-A68C-7B4A818EBF65}.Debug|Any CPU.Build.0 = Debug|Any CPU
		{2B554E1A-A9CE-4DF0-A68C-7B4A818EBF65}.Release|Any CPU.ActiveCfg = Release|Any CPU
		{2B554E1A-A9CE-4DF0-A68C-7B4A818EBF65}.Release|Any CPU.Build.0 = Release|Any CPU
		{18FF6C92-CC49-4982-BDF5-13F56BFCF452}.Debug|Any CPU.ActiveCfg = Debug|Any CPU
		{18FF6C92-CC49-4982-BDF5-13F56BFCF452}.Debug|Any CPU.Build.0 = Debug|Any CPU
		{18FF6C92-CC49-4982-BDF5-13F56BFCF452}.Release|Any CPU.ActiveCfg = Release|Any CPU
		{18FF6C92-CC49-4982-BDF5-13F56BFCF452}.Release|Any CPU.Build.0 = Release|Any CPU
		{419A5DF4-4823-46E5-A92F-EA6F750A6393}.Debug|Any CPU.ActiveCfg = Debug|Any CPU
		{419A5DF4-4823-46E5-A92F-EA6F750A6393}.Debug|Any CPU.Build.0 = Debug|Any CPU
		{419A5DF4-4823-46E5-A92F-EA6F750A6393}.Release|Any CPU.ActiveCfg = Release|Any CPU
		{419A5DF4-4823-46E5-A92F-EA6F750A6393}.Release|Any CPU.Build.0 = Release|Any CPU
		{8637DBEB-4CFC-4B89-874E-131297591CA6}.Debug|Any CPU.ActiveCfg = Debug|Any CPU
		{8637DBEB-4CFC-4B89-874E-131297591CA6}.Debug|Any CPU.Build.0 = Debug|Any CPU
		{8637DBEB-4CFC-4B89-874E-131297591CA6}.Release|Any CPU.ActiveCfg = Release|Any CPU
		{8637DBEB-4CFC-4B89-874E-131297591CA6}.Release|Any CPU.Build.0 = Release|Any CPU
		{7A1481E3-8DEA-49E8-8708-F8EA49A69774}.Debug|Any CPU.ActiveCfg = Debug|Any CPU
		{7A1481E3-8DEA-49E8-8708-F8EA49A69774}.Debug|Any CPU.Build.0 = Debug|Any CPU
		{7A1481E3-8DEA-49E8-8708-F8EA49A69774}.Release|Any CPU.ActiveCfg = Release|Any CPU
		{7A1481E3-8DEA-49E8-8708-F8EA49A69774}.Release|Any CPU.Build.0 = Release|Any CPU
	EndGlobalSection
	GlobalSection(SolutionProperties) = preSolution
		HideSolutionNode = FALSE
	EndGlobalSection
	GlobalSection(NestedProjects) = preSolution
		{2B554E1A-A9CE-4DF0-A68C-7B4A818EBF65} = {D369DC26-A3A6-48D9-AE35-F54D3A14A2AD}
		{18FF6C92-CC49-4982-BDF5-13F56BFCF452} = {D369DC26-A3A6-48D9-AE35-F54D3A14A2AD}
		{419A5DF4-4823-46E5-A92F-EA6F750A6393} = {0D35CA6B-BE24-4133-B115-DFF82D8EF605}
		{8637DBEB-4CFC-4B89-874E-131297591CA6} = {0D35CA6B-BE24-4133-B115-DFF82D8EF605}
	EndGlobalSection
	GlobalSection(ExtensibilityGlobals) = postSolution
		SolutionGuid = {B6F23AC4-1F7C-4116-BF1A-92A6243106CD}
	EndGlobalSection
EndGlobal
